<?xml version="1.0" encoding="utf-8"?>
<Project ToolsVersion="4.0" xmlns="http://schemas.microsoft.com/developer/msbuild/2003">
  <ItemGroup>
    <Filter Include="Source Files">
      <UniqueIdentifier>{e1de9b0e-4968-450d-8bb6-14b15e764da1}</UniqueIdentifier>
      <Extensions>cpp;c;cxx;rc;def;r;odl;idl;hpj;bat</Extensions>
    </Filter>
    <Filter Include="Header Files">
      <UniqueIdentifier>{7dfbb0b0-7e35-454f-b02b-449e156f69a7}</UniqueIdentifier>
      <Extensions>h;hpp;hxx;hm;inl</Extensions>
    </Filter>
    <Filter Include="Resource Files">
      <UniqueIdentifier>{9e9cb60b-ec93-413c-99f7-1bceba46cf53}</UniqueIdentifier>
      <Extensions>ico;cur;bmp;dlg;rc2;rct;bin;rgs;gif;jpg;jpeg;jpe</Extensions>
    </Filter>
  </ItemGroup>
  <ItemGroup>
    <ClCompile Include="..\lib\IniFile.cpp">
      <Filter>Source Files</Filter>
    </ClCompile>
    <ClCompile Include="InstrOffsetData.cpp">
      <Filter>Source Files</Filter>
    </ClCompile>
    <ClCompile Include="InstrProperty.cpp">
      <Filter>Source Files</Filter>
    </ClCompile>
    <ClCompile Include="Instrument.cpp">
      <Filter>Source Files</Filter>
    </ClCompile>
    <ClCompile Include="libInstrument.cpp">
      <Filter>Source Files</Filter>
    </ClCompile>
    <ClCompile Include="..\lib\Markup.cpp">
      <Filter>Source Files</Filter>
    </ClCompile>
    <ClCompile Include="SA_e4440a.cpp">
      <Filter>Source Files</Filter>
    </ClCompile>
    <ClCompile Include="SA_fsup.cpp">
      <Filter>Source Files</Filter>
    </ClCompile>
    <ClCompile Include="SA_n9030a.cpp">
      <Filter>Source Files</Filter>
    </ClCompile>
    <ClCompile Include="SG_e4438c.cpp">
      <Filter>Source Files</Filter>
    </ClCompile>
    <ClCompile Include="SG_e8267d.cpp">
      <Filter>Source Files</Filter>
    </ClCompile>
    <ClCompile Include="SG_n5182a.cpp">
      <Filter>Source Files</Filter>
    </ClCompile>
    <ClCompile Include="SG_n5182b.cpp">
      <Filter>Source Files</Filter>
    </ClCompile>
    <ClCompile Include="StdAfx.cpp">
      <Filter>Source Files</Filter>
    </ClCompile>
    <ClCompile Include="version.cpp">
      <Filter>Source Files</Filter>
    </ClCompile>
    <ClCompile Include="PM_rsnrp.cpp">
      <Filter>Source Files</Filter>
    </ClCompile>
  </ItemGroup>
  <ItemGroup>
    <None Include="libInstrument.def">
      <Filter>Source Files</Filter>
    </None>
    <None Include="res\libInstrument.rc2">
      <Filter>Resource Files</Filter>
    </None>
    <None Include="ReadMe.txt" />
  </ItemGroup>
  <ItemGroup>
    <ResourceCompile Include="libInstrument.rc">
      <Filter>Source Files</Filter>
    </ResourceCompile>
  </ItemGroup>
  <ItemGroup>
    <ClInclude Include="InstrOffsetData.h">
      <Filter>Header Files</Filter>
    </ClInclude>
    <ClInclude Include="InstrProperty.h">
      <Filter>Header Files</Filter>
    </ClInclude>
    <ClInclude Include="Instrument.h">
      <Filter>Header Files</Filter>
    </ClInclude>
    <ClInclude Include="libInstrument.h">
      <Filter>Header Files</Filter>
    </ClInclude>
    <ClInclude Include="OperationDef.h">
      <Filter>Header Files</Filter>
    </ClInclude>
    <ClInclude Include="PM_rsnrp.h">
      <Filter>Header Files</Filter>
    </ClInclude>
    <ClInclude Include="PowerMeter.h">
      <Filter>Header Files</Filter>
    </ClInclude>
    <ClInclude Include="Resource.h">
      <Filter>Header Files</Filter>
    </ClInclude>
    <ClInclude Include="SA_e4440a.h">
      <Filter>Header Files</Filter>
    </ClInclude>
    <ClInclude Include="SA_fsup.h">
      <Filter>Header Files</Filter>
    </ClInclude>
    <ClInclude Include="SA_n9030a.h">
      <Filter>Header Files</Filter>
    </ClInclude>
    <ClInclude Include="SG_e4438c.h">
      <Filter>Header Files</Filter>
    </ClInclude>
    <ClInclude Include="SG_e8267d.h">
      <Filter>Header Files</Filter>
    </ClInclude>
    <ClInclude Include="SG_n5182a.h">
      <Filter>Header Files</Filter>
    </ClInclude>
    <ClInclude Include="SG_n5182b.h">
      <Filter>Header Files</Filter>
    </ClInclude>
    <ClInclude Include="SignalGenerator.h">
      <Filter>Header Files</Filter>
    </ClInclude>
    <ClInclude Include="SpectrumAnalyzer.h">
      <Filter>Header Files</Filter>
    </ClInclude>
    <ClInclude Include="StdAfx.h">
      <Filter>Header Files</Filter>
    </ClInclude>
  </ItemGroup>
</Project>